
Microsoft Visual Studio Solution File, Format Version 12.00
Project("{FAE04EC0-301F-11D3-BF4B-00C04F79EFBC}") = "AssistHub.Backend", "AssistHub.Backend\AssistHub.Backend.csproj", "{4F07580C-E403-4D45-A32E-0E0849D5E788}"
EndProject
Global
	GlobalSection(SolutionConfigurationPlatforms) = preSolution
		Debug|Any CPU = Debug|Any CPU
		Release|Any CPU = Release|Any CPU
	EndGlobalSection
	GlobalSection(ProjectConfigurationPlatforms) = postSolution
		{4F07580C-E403-4D45-A32E-0E0849D5E788}.Debug|Any CPU.ActiveCfg = Debug|Any CPU
		{4F07580C-E403-4D45-A32E-0E0849D5E788}.Debug|Any CPU.Build.0 = Debug|Any CPU
		{4F07580C-E403-4D45-A32E-0E0849D5E788}.Release|Any CPU.ActiveCfg = Release|Any CPU
		{4F07580C-E403-4D45-A32E-0E0849D5E788}.Release|Any CPU.Build.0 = Release|Any CPU
	EndGlobalSection
EndGlobal
